---
- hosts: testhosts
  vars:
  tasks:
    - name: demo block
        block:
          - debug:
              msg: 'I execute normally'
          - name: force a failure
            command: /bin/false
        rescue:
          - debug:
              msg: 'I caught an error'
          - name: i force a failure in middle of recovery
            command: /bin/false
            ignore_errors: True
          - debug:
              msg: 'I execute even when the previous command fails'
        always:
          - debug:
              msg: "This always executes”
